
Microsoft Visual Studio Solution File, Format Version 12.00
# Visual Studio Version 16
VisualStudioVersion = 16.0.33214.272
MinimumVisualStudioVersion = 10.0.40219.1
Project("{FAE04EC0-301F-11D3-BF4B-00C04F79EFBC}") = "Exercicio1", "Exercicio1\Exercicio1.csproj", "{FFACA2D3-52F4-4185-BB3C-CC60DA45D6B2}"
EndProject
Global
	GlobalSection(SolutionConfigurationPlatforms) = preSolution
		Debug|Any CPU = Debug|Any CPU
		Release|Any CPU = Release|Any CPU
	EndGlobalSection
	GlobalSection(ProjectConfigurationPlatforms) = postSolution
		{FFACA2D3-52F4-4185-BB3C-CC60DA45D6B2}.Debug|Any CPU.ActiveCfg = Debug|Any CPU
		{FFACA2D3-52F4-4185-BB3C-CC60DA45D6B2}.Debug|Any CPU.Build.0 = Debug|Any CPU
		{FFACA2D3-52F4-4185-BB3C-CC60DA45D6B2}.Release|Any CPU.ActiveCfg = Release|Any CPU
		{FFACA2D3-52F4-4185-BB3C-CC60DA45D6B2}.Release|Any CPU.Build.0 = Release|Any CPU
	EndGlobalSection
	GlobalSection(SolutionProperties) = preSolution
		HideSolutionNode = FALSE
	EndGlobalSection
	GlobalSection(ExtensibilityGlobals) = postSolution
		SolutionGuid = {85AC95AC-AF47-4A06-B43A-42437143941E}
	EndGlobalSection
EndGlobal
